
Microsoft Visual Studio Solution File, Format Version 12.00
# Visual Studio Version 17
VisualStudioVersion = 17.1.32328.378
MinimumVisualStudioVersion = 10.0.40219.1
Project("{9A19103F-16F7-4668-BE54-9A1E7A4F7556}") = "PjGabrielMarafon", "PjGabrielMarafon.csproj", "{546D72A3-8A6E-4DB2-B5E8-197725D08953}"
EndProject
Global
	GlobalSection(SolutionConfigurationPlatforms) = preSolution
		Debug|Any CPU = Debug|Any CPU
		Release|Any CPU = Release|Any CPU
	EndGlobalSection
	GlobalSection(ProjectConfigurationPlatforms) = postSolution
		{546D72A3-8A6E-4DB2-B5E8-197725D08953}.Debug|Any CPU.ActiveCfg = Debug|Any CPU
		{546D72A3-8A6E-4DB2-B5E8-197725D08953}.Debug|Any CPU.Build.0 = Debug|Any CPU
		{546D72A3-8A6E-4DB2-B5E8-197725D08953}.Release|Any CPU.ActiveCfg = Release|Any CPU
		{546D72A3-8A6E-4DB2-B5E8-197725D08953}.Release|Any CPU.Build.0 = Release|Any CPU
	EndGlobalSection
	GlobalSection(SolutionProperties) = preSolution
		HideSolutionNode = FALSE
	EndGlobalSection
	GlobalSection(ExtensibilityGlobals) = postSolution
		SolutionGuid = {723627F5-68B7-4121-AAA8-B4374B33AA0D}
	EndGlobalSection
EndGlobal
